PODS:
  - Alamofire (4.2.0)
  - BMSAnalytics (2.2.0):
    - BMSCore (~> 2.1)
  - BMSAnalyticsAPI (2.2.0)
  - BMSCore (2.3.1):
    - BMSAnalyticsAPI (~> 2.2)
  - BMSPush (3.1.1):
    - BMSCore (~> 2.0)
  - GoogleMaps/Base (2.1.1)
  - GooglePlaces (2.1.1):
    - GoogleMaps/Base (= 2.1.1)
  - JSQMessagesViewController (7.3.4):
    - JSQSystemSoundPlayer (~> 2.0.1)
  - JSQSystemSoundPlayer (2.0.1)
  - OpenWhisk (0.2.2)

DEPENDENCIES:
  - Alamofire (= 4.2.0)
  - BMSAnalytics
  - BMSPush
  - GooglePlaces (= 2.1.1)
  - JSQMessagesViewController (= 7.3.4)
  - OpenWhisk (from `https://github.com/openwhisk/openwhisk-client-swift.git`, tag `0.2.2`)

EXTERNAL SOURCES:
  OpenWhisk:
    :git: https://github.com/openwhisk/openwhisk-client-swift.git
    :tag: 0.2.2

CHECKOUT OPTIONS:
  OpenWhisk:
    :git: https://github.com/openwhisk/openwhisk-client-swift.git
    :tag: 0.2.2

SPEC CHECKSUMS:
  Alamofire: aa2e09d871c9160ac53c90e83c68064a94e3dfbe
  BMSAnalytics: 58ceebea7d929db5811b9e3c51282480b39622c2
  BMSAnalyticsAPI: 2dae02bc3321b944ae947a7d2f0f009d8035f8e7
  BMSCore: 59a1a6769d398f55b8bd83be647e084812b924e0
  BMSPush: b438b9c7dba18a9a486cad9cefcf310fcefa7dee
  GoogleMaps: a5b5bbe47734e2443bde781a6aa64e69fdb6d785
  GooglePlaces: 35636d86e5020cba3856eb988c09a5491de0a65a
  JSQMessagesViewController: 39fed975e3c9f8eba7292071e29eeb541d105e66
  JSQSystemSoundPlayer: c5850e77a4363ffd374cd851154b9af93264ed8d
  OpenWhisk: 68be4ee6ca258051ee99323bd736317e550d1cf8

PODFILE CHECKSUM: fa44c2968c60f0378a281409ce35ff8abcf74ffd

COCOAPODS: 1.1.1
